// !$*UTF8*$!
{
	archiveVersion = 1;
	classes = {
	};
	objectVersion = 46;
	objects = {

/* Begin PBXBuildFile section */
		00EF16042549D647B388D22F /* libPods.a in Frameworks */ = {isa = PBXBuildFile; fileRef = 24F01F414CD5C7E76A18B1F7 /* libPods.a */; };
		B82138E71AA337B400E86B59 /* SLKMessageViewLayout.m in Sources */ = {isa = PBXBuildFile; fileRef = B82138E51AA337B400E86B59 /* SLKMessageViewLayout.m */; };
		B82138E91AA33FAA00E86B59 /* ChatMessageCell.swift in Sources */ = {isa = PBXBuildFile; fileRef = B82138E81AA33FAA00E86B59 /* ChatMessageCell.swift */; };
		B82138EB1AA33FF300E86B59 /* ChatMessageCell.xib in Resources */ = {isa = PBXBuildFile; fileRef = B82138EA1AA33FF300E86B59 /* ChatMessageCell.xib */; };
		B82138ED1AA3416D00E86B59 /* Extensions.swift in Sources */ = {isa = PBXBuildFile; fileRef = B82138EC1AA3416D00E86B59 /* Extensions.swift */; };
		B87B30AC1AA2F18000D37C51 /* ChatListTableCell.swift in Sources */ = {isa = PBXBuildFile; fileRef = B87B30AB1AA2F18000D37C51 /* ChatListTableCell.swift */; };
		B8A22A9E1A9F31E200BEB50F /* AppDelegate.swift in Sources */ = {isa = PBXBuildFile; fileRef = B8A22A9D1A9F31E200BEB50F /* AppDelegate.swift */; };
		B8A22AA01A9F31E200BEB50F /* LoginViewController.swift in Sources */ = {isa = PBXBuildFile; fileRef = B8A22A9F1A9F31E200BEB50F /* LoginViewController.swift */; };
		B8A22AA31A9F31E200BEB50F /* Main.storyboard in Resources */ = {isa = PBXBuildFile; fileRef = B8A22AA11A9F31E200BEB50F /* Main.storyboard */; };
		B8A22AA51A9F31E200BEB50F /* Images.xcassets in Resources */ = {isa = PBXBuildFile; fileRef = B8A22AA41A9F31E200BEB50F /* Images.xcassets */; };
		B8A22AA81A9F31E200BEB50F /* LaunchScreen.xib in Resources */ = {isa = PBXBuildFile; fileRef = B8A22AA61A9F31E200BEB50F /* LaunchScreen.xib */; };
		B8A22AB41A9F31E200BEB50F /* landlineTests.swift in Sources */ = {isa = PBXBuildFile; fileRef = B8A22AB31A9F31E200BEB50F /* landlineTests.swift */; };
		B8A22ABE1AA0DEC400BEB50F /* MainViewController.swift in Sources */ = {isa = PBXBuildFile; fileRef = B8A22ABD1AA0DEC400BEB50F /* MainViewController.swift */; };
		B8A22AC01AA0DF0C00BEB50F /* SlideMenuController.swift in Sources */ = {isa = PBXBuildFile; fileRef = B8A22ABF1AA0DF0C00BEB50F /* SlideMenuController.swift */; };
		B8B69AB71AA862E90022FE8F /* ChatHeaderView.xib in Resources */ = {isa = PBXBuildFile; fileRef = B8B69AB61AA862E90022FE8F /* ChatHeaderView.xib */; };
		B8B69AB91AA862F50022FE8F /* ChatHeaderView.swift in Sources */ = {isa = PBXBuildFile; fileRef = B8B69AB81AA862F50022FE8F /* ChatHeaderView.swift */; };
		B8CD53711AA0E48B00CD6830 /* MenuViewController.swift in Sources */ = {isa = PBXBuildFile; fileRef = B8CD53701AA0E48B00CD6830 /* MenuViewController.swift */; };
		B8CD53731AA0E49700CD6830 /* ChannelViewController.swift in Sources */ = {isa = PBXBuildFile; fileRef = B8CD53721AA0E49700CD6830 /* ChannelViewController.swift */; };
		B8CD53761AA19A5D00CD6830 /* ChatListViewController.swift in Sources */ = {isa = PBXBuildFile; fileRef = B8CD53751AA19A5D00CD6830 /* ChatListViewController.swift */; };
		B8CD53781AA19A7500CD6830 /* SettingsViewController.swift in Sources */ = {isa = PBXBuildFile; fileRef = B8CD53771AA19A7500CD6830 /* SettingsViewController.swift */; };
		B8CD537A1AA1B18F00CD6830 /* CentralNavigationViewController.swift in Sources */ = {isa = PBXBuildFile; fileRef = B8CD53791AA1B18F00CD6830 /* CentralNavigationViewController.swift */; };
		B8FCFBAE1AA87DA7007726C3 /* ChatViewController.swift in Sources */ = {isa = PBXBuildFile; fileRef = B8FCFBAD1AA87DA7007726C3 /* ChatViewController.swift */; };
/* End PBXBuildFile section */

/* Begin PBXContainerItemProxy section */
		B8A22AAE1A9F31E200BEB50F /* PBXContainerItemProxy */ = {
			isa = PBXContainerItemProxy;
			containerPortal = B8A22A901A9F31E200BEB50F /* Project object */;
			proxyType = 1;
			remoteGlobalIDString = B8A22A971A9F31E200BEB50F;
			remoteInfo = landline;
		};
/* End PBXContainerItemProxy section */

/* Begin PBXFileReference section */
		24F01F414CD5C7E76A18B1F7 /* libPods.a */ = {isa = PBXFileReference; explicitFileType = archive.ar; includeInIndex = 0; path = libPods.a; sourceTree = BUILT_PRODUCTS_DIR; };
		88D3BBB8B8F3E387179DFA58 /* Pods.debug.xcconfig */ = {isa = PBXFileReference; includeInIndex = 1; lastKnownFileType = text.xcconfig; name = Pods.debug.xcconfig; path = "Pods/Target Support Files/Pods/Pods.debug.xcconfig"; sourceTree = "<group>"; };
		B82138E11AA3291800E86B59 /* Bridging-Header.h */ = {isa = PBXFileReference; lastKnownFileType = sourcecode.c.h; path = "Bridging-Header.h"; sourceTree = "<group>"; };
		B82138E41AA337B400E86B59 /* SLKMessageViewLayout.h */ = {isa = PBXFileReference; fileEncoding = 4; lastKnownFileType = sourcecode.c.h; path = SLKMessageViewLayout.h; sourceTree = "<group>"; };
		B82138E51AA337B400E86B59 /* SLKMessageViewLayout.m */ = {isa = PBXFileReference; fileEncoding = 4; lastKnownFileType = sourcecode.c.objc; path = SLKMessageViewLayout.m; sourceTree = "<group>"; };
		B82138E81AA33FAA00E86B59 /* ChatMessageCell.swift */ = {isa = PBXFileReference; fileEncoding = 4; lastKnownFileType = sourcecode.swift; path = ChatMessageCell.swift; sourceTree = "<group>"; };
		B82138EA1AA33FF300E86B59 /* ChatMessageCell.xib */ = {isa = PBXFileReference; fileEncoding = 4; lastKnownFileType = file.xib; path = ChatMessageCell.xib; sourceTree = "<group>"; };
		B82138EC1AA3416D00E86B59 /* Extensions.swift */ = {isa = PBXFileReference; fileEncoding = 4; lastKnownFileType = sourcecode.swift; path = Extensions.swift; sourceTree = "<group>"; };
		B87B30AB1AA2F18000D37C51 /* ChatListTableCell.swift */ = {isa = PBXFileReference; fileEncoding = 4; lastKnownFileType = sourcecode.swift; path = ChatListTableCell.swift; sourceTree = "<group>"; };
		B8A22A981A9F31E200BEB50F /* landline.app */ = {isa = PBXFileReference; explicitFileType = wrapper.application; includeInIndex = 0; path = landline.app; sourceTree = BUILT_PRODUCTS_DIR; };
		B8A22A9C1A9F31E200BEB50F /* Info.plist */ = {isa = PBXFileReference; lastKnownFileType = text.plist.xml; path = Info.plist; sourceTree = "<group>"; };
		B8A22A9D1A9F31E200BEB50F /* AppDelegate.swift */ = {isa = PBXFileReference; lastKnownFileType = sourcecode.swift; path = AppDelegate.swift; sourceTree = "<group>"; };
		B8A22A9F1A9F31E200BEB50F /* LoginViewController.swift */ = {isa = PBXFileReference; lastKnownFileType = sourcecode.swift; path = LoginViewController.swift; sourceTree = "<group>"; };
		B8A22AA21A9F31E200BEB50F /* Base */ = {isa = PBXFileReference; lastKnownFileType = file.storyboard; name = Base; path = Base.lproj/Main.storyboard; sourceTree = "<group>"; };
		B8A22AA41A9F31E200BEB50F /* Images.xcassets */ = {isa = PBXFileReference; lastKnownFileType = folder.assetcatalog; path = Images.xcassets; sourceTree = "<group>"; };
		B8A22AA71A9F31E200BEB50F /* Base */ = {isa = PBXFileReference; lastKnownFileType = file.xib; name = Base; path = Base.lproj/LaunchScreen.xib; sourceTree = "<group>"; };
		B8A22AAD1A9F31E200BEB50F /* landlineTests.xctest */ = {isa = PBXFileReference; explicitFileType = wrapper.cfbundle; includeInIndex = 0; path = landlineTests.xctest; sourceTree = BUILT_PRODUCTS_DIR; };
		B8A22AB21A9F31E200BEB50F /* Info.plist */ = {isa = PBXFileReference; lastKnownFileType = text.plist.xml; path = Info.plist; sourceTree = "<group>"; };
		B8A22AB31A9F31E200BEB50F /* landlineTests.swift */ = {isa = PBXFileReference; lastKnownFileType = sourcecode.swift; path = landlineTests.swift; sourceTree = "<group>"; };
		B8A22ABD1AA0DEC400BEB50F /* MainViewController.swift */ = {isa = PBXFileReference; fileEncoding = 4; lastKnownFileType = sourcecode.swift; path = MainViewController.swift; sourceTree = "<group>"; };
		B8A22ABF1AA0DF0C00BEB50F /* SlideMenuController.swift */ = {isa = PBXFileReference; fileEncoding = 4; lastKnownFileType = sourcecode.swift; path = SlideMenuController.swift; sourceTree = "<group>"; };
		B8B69AB61AA862E90022FE8F /* ChatHeaderView.xib */ = {isa = PBXFileReference; fileEncoding = 4; lastKnownFileType = file.xib; path = ChatHeaderView.xib; sourceTree = "<group>"; };
		B8B69AB81AA862F50022FE8F /* ChatHeaderView.swift */ = {isa = PBXFileReference; fileEncoding = 4; lastKnownFileType = sourcecode.swift; path = ChatHeaderView.swift; sourceTree = "<group>"; };
		B8CD53701AA0E48B00CD6830 /* MenuViewController.swift */ = {isa = PBXFileReference; fileEncoding = 4; lastKnownFileType = sourcecode.swift; path = MenuViewController.swift; sourceTree = "<group>"; };
		B8CD53721AA0E49700CD6830 /* ChannelViewController.swift */ = {isa = PBXFileReference; fileEncoding = 4; lastKnownFileType = sourcecode.swift; path = ChannelViewController.swift; sourceTree = "<group>"; };
		B8CD53751AA19A5D00CD6830 /* ChatListViewController.swift */ = {isa = PBXFileReference; fileEncoding = 4; lastKnownFileType = sourcecode.swift; path = ChatListViewController.swift; sourceTree = "<group>"; };
		B8CD53771AA19A7500CD6830 /* SettingsViewController.swift */ = {isa = PBXFileReference; fileEncoding = 4; lastKnownFileType = sourcecode.swift; path = SettingsViewController.swift; sourceTree = "<group>"; };
		B8CD53791AA1B18F00CD6830 /* CentralNavigationViewController.swift */ = {isa = PBXFileReference; fileEncoding = 4; lastKnownFileType = sourcecode.swift; path = CentralNavigationViewController.swift; sourceTree = "<group>"; };
		B8FCFBAD1AA87DA7007726C3 /* ChatViewController.swift */ = {isa = PBXFileReference; fileEncoding = 4; lastKnownFileType = sourcecode.swift; path = ChatViewController.swift; sourceTree = "<group>"; };
		FDABD008382063687537C002 /* Pods.release.xcconfig */ = {isa = PBXFileReference; includeInIndex = 1; lastKnownFileType = text.xcconfig; name = Pods.release.xcconfig; path = "Pods/Target Support Files/Pods/Pods.release.xcconfig"; sourceTree = "<group>"; };
/* End PBXFileReference section */

/* Begin PBXFrameworksBuildPhase section */
		B8A22A951A9F31E200BEB50F /* Frameworks */ = {
			isa = PBXFrameworksBuildPhase;
			buildActionMask = 2147483647;
			files = (
				00EF16042549D647B388D22F /* libPods.a in Frameworks */,
			);
			runOnlyForDeploymentPostprocessing = 0;
		};
		B8A22AAA1A9F31E200BEB50F /* Frameworks */ = {
			isa = PBXFrameworksBuildPhase;
			buildActionMask = 2147483647;
			files = (
			);
			runOnlyForDeploymentPostprocessing = 0;
		};
/* End PBXFrameworksBuildPhase section */

/* Begin PBXGroup section */
		08B02979C8027AF8F183FC6A /* Pods */ = {
			isa = PBXGroup;
			children = (
				88D3BBB8B8F3E387179DFA58 /* Pods.debug.xcconfig */,
				FDABD008382063687537C002 /* Pods.release.xcconfig */,
			);
			name = Pods;
			sourceTree = "<group>";
		};
		97FC0F43F0EE8725C9E6A775 /* Frameworks */ = {
			isa = PBXGroup;
			children = (
				24F01F414CD5C7E76A18B1F7 /* libPods.a */,
			);
			name = Frameworks;
			sourceTree = "<group>";
		};
		B8A22A8F1A9F31E200BEB50F = {
			isa = PBXGroup;
			children = (
				B8A22A9A1A9F31E200BEB50F /* landline */,
				B8A22AB01A9F31E200BEB50F /* landlineTests */,
				B8A22A991A9F31E200BEB50F /* Products */,
				08B02979C8027AF8F183FC6A /* Pods */,
				97FC0F43F0EE8725C9E6A775 /* Frameworks */,
			);
			sourceTree = "<group>";
		};
		B8A22A991A9F31E200BEB50F /* Products */ = {
			isa = PBXGroup;
			children = (
				B8A22A981A9F31E200BEB50F /* landline.app */,
				B8A22AAD1A9F31E200BEB50F /* landlineTests.xctest */,
			);
			name = Products;
			sourceTree = "<group>";
		};
		B8A22A9A1A9F31E200BEB50F /* landline */ = {
			isa = PBXGroup;
			children = (
				B8A22A9D1A9F31E200BEB50F /* AppDelegate.swift */,
				B8CD53791AA1B18F00CD6830 /* CentralNavigationViewController.swift */,
				B8B69AB81AA862F50022FE8F /* ChatHeaderView.swift */,
				B8B69AB61AA862E90022FE8F /* ChatHeaderView.xib */,
				B87B30AB1AA2F18000D37C51 /* ChatListTableCell.swift */,
				B8CD53751AA19A5D00CD6830 /* ChatListViewController.swift */,
				B82138E81AA33FAA00E86B59 /* ChatMessageCell.swift */,
				B82138EA1AA33FF300E86B59 /* ChatMessageCell.xib */,
				B8CD53721AA0E49700CD6830 /* ChannelViewController.swift */,
				B8FCFBAD1AA87DA7007726C3 /* ChatViewController.swift */,
				B82138EC1AA3416D00E86B59 /* Extensions.swift */,
				B8A22AA41A9F31E200BEB50F /* Images.xcassets */,
				B8A22AA61A9F31E200BEB50F /* LaunchScreen.xib */,
				B8A22A9F1A9F31E200BEB50F /* LoginViewController.swift */,
				B8A22AA11A9F31E200BEB50F /* Main.storyboard */,
				B8A22ABD1AA0DEC400BEB50F /* MainViewController.swift */,
				B8CD53701AA0E48B00CD6830 /* MenuViewController.swift */,
				B8CD53771AA19A7500CD6830 /* SettingsViewController.swift */,
				B8A22ABF1AA0DF0C00BEB50F /* SlideMenuController.swift */,
				B8A22A9B1A9F31E200BEB50F /* Supporting Files */,
			);
			path = landline;
			sourceTree = "<group>";
		};
		B8A22A9B1A9F31E200BEB50F /* Supporting Files */ = {
			isa = PBXGroup;
			children = (
				B82138E41AA337B400E86B59 /* SLKMessageViewLayout.h */,
				B82138E51AA337B400E86B59 /* SLKMessageViewLayout.m */,
				B8A22A9C1A9F31E200BEB50F /* Info.plist */,
				B82138E11AA3291800E86B59 /* Bridging-Header.h */,
			);
			name = "Supporting Files";
			sourceTree = "<group>";
		};
		B8A22AB01A9F31E200BEB50F /* landlineTests */ = {
			isa = PBXGroup;
			children = (
				B8A22AB31A9F31E200BEB50F /* landlineTests.swift */,
				B8A22AB11A9F31E200BEB50F /* Supporting Files */,
			);
			path = landlineTests;
			sourceTree = "<group>";
		};
		B8A22AB11A9F31E200BEB50F /* Supporting Files */ = {
			isa = PBXGroup;
			children = (
				B8A22AB21A9F31E200BEB50F /* Info.plist */,
			);
			name = "Supporting Files";
			sourceTree = "<group>";
		};
/* End PBXGroup section */

/* Begin PBXNativeTarget section */
		B8A22A971A9F31E200BEB50F /* landline */ = {
			isa = PBXNativeTarget;
			buildConfigurationList = B8A22AB71A9F31E200BEB50F /* Build configuration list for PBXNativeTarget "landline" */;
			buildPhases = (
				F4BE6D81F993CC416523FDEA /* Check Pods Manifest.lock */,
				B8A22A941A9F31E200BEB50F /* Sources */,
				B8A22A951A9F31E200BEB50F /* Frameworks */,
				B8A22A961A9F31E200BEB50F /* Resources */,
				DEF8946A17DF5C3D1AFAD6FE /* Copy Pods Resources */,
			);
			buildRules = (
			);
			dependencies = (
			);
			name = landline;
			productName = landline;
			productReference = B8A22A981A9F31E200BEB50F /* landline.app */;
			productType = "com.apple.product-type.application";
		};
		B8A22AAC1A9F31E200BEB50F /* landlineTests */ = {
			isa = PBXNativeTarget;
			buildConfigurationList = B8A22ABA1A9F31E200BEB50F /* Build configuration list for PBXNativeTarget "landlineTests" */;
			buildPhases = (
				B8A22AA91A9F31E200BEB50F /* Sources */,
				B8A22AAA1A9F31E200BEB50F /* Frameworks */,
				B8A22AAB1A9F31E200BEB50F /* Resources */,
			);
			buildRules = (
			);
			dependencies = (
				B8A22AAF1A9F31E200BEB50F /* PBXTargetDependency */,
			);
			name = landlineTests;
			productName = landlineTests;
			productReference = B8A22AAD1A9F31E200BEB50F /* landlineTests.xctest */;
			productType = "com.apple.product-type.bundle.unit-test";
		};
/* End PBXNativeTarget section */

/* Begin PBXProject section */
		B8A22A901A9F31E200BEB50F /* Project object */ = {
			isa = PBXProject;
			attributes = {
				LastUpgradeCheck = 0610;
				ORGANIZATIONNAME = landline;
				TargetAttributes = {
					B8A22A971A9F31E200BEB50F = {
						CreatedOnToolsVersion = 6.1.1;
					};
					B8A22AAC1A9F31E200BEB50F = {
						CreatedOnToolsVersion = 6.1.1;
						TestTargetID = B8A22A971A9F31E200BEB50F;
					};
				};
			};
			buildConfigurationList = B8A22A931A9F31E200BEB50F /* Build configuration list for PBXProject "landline" */;
			compatibilityVersion = "Xcode 3.2";
			developmentRegion = English;
			hasScannedForEncodings = 0;
			knownRegions = (
				en,
				Base,
			);
			mainGroup = B8A22A8F1A9F31E200BEB50F;
			productRefGroup = B8A22A991A9F31E200BEB50F /* Products */;
			projectDirPath = "";
			projectRoot = "";
			targets = (
				B8A22A971A9F31E200BEB50F /* landline */,
				B8A22AAC1A9F31E200BEB50F /* landlineTests */,
			);
		};
/* End PBXProject section */

/* Begin PBXResourcesBuildPhase section */
		B8A22A961A9F31E200BEB50F /* Resources */ = {
			isa = PBXResourcesBuildPhase;
			buildActionMask = 2147483647;
			files = (
				B8B69AB71AA862E90022FE8F /* ChatHeaderView.xib in Resources */,
				B8A22AA31A9F31E200BEB50F /* Main.storyboard in Resources */,
				B82138EB1AA33FF300E86B59 /* ChatMessageCell.xib in Resources */,
				B8A22AA81A9F31E200BEB50F /* LaunchScreen.xib in Resources */,
				B8A22AA51A9F31E200BEB50F /* Images.xcassets in Resources */,
			);
			runOnlyForDeploymentPostprocessing = 0;
		};
		B8A22AAB1A9F31E200BEB50F /* Resources */ = {
			isa = PBXResourcesBuildPhase;
			buildActionMask = 2147483647;
			files = (
			);
			runOnlyForDeploymentPostprocessing = 0;
		};
/* End PBXResourcesBuildPhase section */

/* Begin PBXShellScriptBuildPhase section */
		DEF8946A17DF5C3D1AFAD6FE /* Copy Pods Resources */ = {
			isa = PBXShellScriptBuildPhase;
			buildActionMask = 2147483647;
			files = (
			);
			inputPaths = (
			);
			name = "Copy Pods Resources";
			outputPaths = (
			);
			runOnlyForDeploymentPostprocessing = 0;
			shellPath = /bin/sh;
			shellScript = "\"${SRCROOT}/Pods/Target Support Files/Pods/Pods-resources.sh\"\n";
			showEnvVarsInLog = 0;
		};
		F4BE6D81F993CC416523FDEA /* Check Pods Manifest.lock */ = {
			isa = PBXShellScriptBuildPhase;
			buildActionMask = 2147483647;
			files = (
			);
			inputPaths = (
			);
			name = "Check Pods Manifest.lock";
			outputPaths = (
			);
			runOnlyForDeploymentPostprocessing = 0;
			shellPath = /bin/sh;
			shellScript = "diff \"${PODS_ROOT}/../Podfile.lock\" \"${PODS_ROOT}/Manifest.lock\" > /dev/null\nif [[ $? != 0 ]] ; then\n    cat << EOM\nerror: The sandbox is not in sync with the Podfile.lock. Run 'pod install' or update your CocoaPods installation.\nEOM\n    exit 1\nfi\n";
			showEnvVarsInLog = 0;
		};
/* End PBXShellScriptBuildPhase section */

/* Begin PBXSourcesBuildPhase section */
		B8A22A941A9F31E200BEB50F /* Sources */ = {
			isa = PBXSourcesBuildPhase;
			buildActionMask = 2147483647;
			files = (
				B87B30AC1AA2F18000D37C51 /* ChatListTableCell.swift in Sources */,
				B8A22ABE1AA0DEC400BEB50F /* MainViewController.swift in Sources */,
				B8A22AA01A9F31E200BEB50F /* LoginViewController.swift in Sources */,
				B8A22AC01AA0DF0C00BEB50F /* SlideMenuController.swift in Sources */,
				B8A22A9E1A9F31E200BEB50F /* AppDelegate.swift in Sources */,
				B8B69AB91AA862F50022FE8F /* ChatHeaderView.swift in Sources */,
				B82138E71AA337B400E86B59 /* SLKMessageViewLayout.m in Sources */,
				B82138E91AA33FAA00E86B59 /* ChatMessageCell.swift in Sources */,
				B8CD53761AA19A5D00CD6830 /* ChatListViewController.swift in Sources */,
				B8CD53731AA0E49700CD6830 /* ChannelViewController.swift in Sources */,
				B8CD53711AA0E48B00CD6830 /* MenuViewController.swift in Sources */,
				B8CD537A1AA1B18F00CD6830 /* CentralNavigationViewController.swift in Sources */,
				B8CD53781AA19A7500CD6830 /* SettingsViewController.swift in Sources */,
				B8FCFBAE1AA87DA7007726C3 /* ChatViewController.swift in Sources */,
				B82138ED1AA3416D00E86B59 /* Extensions.swift in Sources */,
			);
			runOnlyForDeploymentPostprocessing = 0;
		};
		B8A22AA91A9F31E200BEB50F /* Sources */ = {
			isa = PBXSourcesBuildPhase;
			buildActionMask = 2147483647;
			files = (
				B8A22AB41A9F31E200BEB50F /* landlineTests.swift in Sources */,
			);
			runOnlyForDeploymentPostprocessing = 0;
		};
/* End PBXSourcesBuildPhase section */

/* Begin PBXTargetDependency section */
		B8A22AAF1A9F31E200BEB50F /* PBXTargetDependency */ = {
			isa = PBXTargetDependency;
			target = B8A22A971A9F31E200BEB50F /* landline */;
			targetProxy = B8A22AAE1A9F31E200BEB50F /* PBXContainerItemProxy */;
		};
/* End PBXTargetDependency section */

/* Begin PBXVariantGroup section */
		B8A22AA11A9F31E200BEB50F /* Main.storyboard */ = {
			isa = PBXVariantGroup;
			children = (
				B8A22AA21A9F31E200BEB50F /* Base */,
			);
			name = Main.storyboard;
			sourceTree = "<group>";
		};
		B8A22AA61A9F31E200BEB50F /* LaunchScreen.xib */ = {
			isa = PBXVariantGroup;
			children = (
				B8A22AA71A9F31E200BEB50F /* Base */,
			);
			name = LaunchScreen.xib;
			sourceTree = "<group>";
		};
/* End PBXVariantGroup section */

/* Begin XCBuildConfiguration section */
		B8A22AB51A9F31E200BEB50F /* Debug */ = {
			isa = XCBuildConfiguration;
			buildSettings = {
				ALWAYS_SEARCH_USER_PATHS = NO;
				CLANG_CXX_LANGUAGE_STANDARD = "gnu++0x";
				CLANG_CXX_LIBRARY = "libc++";
				CLANG_ENABLE_MODULES = YES;
				CLANG_ENABLE_OBJC_ARC = YES;
				CLANG_WARN_BOOL_CONVERSION = YES;
				CLANG_WARN_CONSTANT_CONVERSION = YES;
				CLANG_WARN_DIRECT_OBJC_ISA_USAGE = YES_ERROR;
				CLANG_WARN_EMPTY_BODY = YES;
				CLANG_WARN_ENUM_CONVERSION = YES;
				CLANG_WARN_INT_CONVERSION = YES;
				CLANG_WARN_OBJC_ROOT_CLASS = YES_ERROR;
				CLANG_WARN_UNREACHABLE_CODE = YES;
				CLANG_WARN__DUPLICATE_METHOD_MATCH = YES;
				"CODE_SIGN_IDENTITY[sdk=iphoneos*]" = "iPhone Developer";
				COPY_PHASE_STRIP = NO;
				ENABLE_STRICT_OBJC_MSGSEND = YES;
				GCC_C_LANGUAGE_STANDARD = gnu99;
				GCC_DYNAMIC_NO_PIC = NO;
				GCC_OPTIMIZATION_LEVEL = 0;
				GCC_PREPROCESSOR_DEFINITIONS = (
					"DEBUG=1",
					"$(inherited)",
				);
				GCC_SYMBOLS_PRIVATE_EXTERN = NO;
				GCC_WARN_64_TO_32_BIT_CONVERSION = YES;
				GCC_WARN_ABOUT_RETURN_TYPE = YES_ERROR;
				GCC_WARN_UNDECLARED_SELECTOR = YES;
				GCC_WARN_UNINITIALIZED_AUTOS = YES_AGGRESSIVE;
				GCC_WARN_UNUSED_FUNCTION = YES;
				GCC_WARN_UNUSED_VARIABLE = YES;
				IPHONEOS_DEPLOYMENT_TARGET = 8.1;
				MTL_ENABLE_DEBUG_INFO = YES;
				ONLY_ACTIVE_ARCH = YES;
				SDKROOT = iphoneos;
				SWIFT_OPTIMIZATION_LEVEL = "-Onone";
				TARGETED_DEVICE_FAMILY = "1,2";
			};
			name = Debug;
		};
		B8A22AB61A9F31E200BEB50F /* Release */ = {
			isa = XCBuildConfiguration;
			buildSettings = {
				ALWAYS_SEARCH_USER_PATHS = NO;
				CLANG_CXX_LANGUAGE_STANDARD = "gnu++0x";
				CLANG_CXX_LIBRARY = "libc++";
				CLANG_ENABLE_MODULES = YES;
				CLANG_ENABLE_OBJC_ARC = YES;
				CLANG_WARN_BOOL_CONVERSION = YES;
				CLANG_WARN_CONSTANT_CONVERSION = YES;
				CLANG_WARN_DIRECT_OBJC_ISA_USAGE = YES_ERROR;
				CLANG_WARN_EMPTY_BODY = YES;
				CLANG_WARN_ENUM_CONVERSION = YES;
				CLANG_WARN_INT_CONVERSION = YES;
				CLANG_WARN_OBJC_ROOT_CLASS = YES_ERROR;
				CLANG_WARN_UNREACHABLE_CODE = YES;
				CLANG_WARN__DUPLICATE_METHOD_MATCH = YES;
				"CODE_SIGN_IDENTITY[sdk=iphoneos*]" = "iPhone Developer";
				COPY_PHASE_STRIP = YES;
				ENABLE_NS_ASSERTIONS = NO;
				ENABLE_STRICT_OBJC_MSGSEND = YES;
				GCC_C_LANGUAGE_STANDARD = gnu99;
				GCC_WARN_64_TO_32_BIT_CONVERSION = YES;
				GCC_WARN_ABOUT_RETURN_TYPE = YES_ERROR;
				GCC_WARN_UNDECLARED_SELECTOR = YES;
				GCC_WARN_UNINITIALIZED_AUTOS = YES_AGGRESSIVE;
				GCC_WARN_UNUSED_FUNCTION = YES;
				GCC_WARN_UNUSED_VARIABLE = YES;
				IPHONEOS_DEPLOYMENT_TARGET = 8.1;
				MTL_ENABLE_DEBUG_INFO = NO;
				SDKROOT = iphoneos;
				TARGETED_DEVICE_FAMILY = "1,2";
				VALIDATE_PRODUCT = YES;
			};
			name = Release;
		};
		B8A22AB81A9F31E200BEB50F /* Debug */ = {
			isa = XCBuildConfiguration;
			baseConfigurationReference = 88D3BBB8B8F3E387179DFA58 /* Pods.debug.xcconfig */;
			buildSettings = {
				ASSETCATALOG_COMPILER_APPICON_NAME = AppIcon;
				INFOPLIST_FILE = landline/Info.plist;
				LD_RUNPATH_SEARCH_PATHS = "$(inherited) @executable_path/Frameworks";
				PRODUCT_NAME = "$(TARGET_NAME)";
				SWIFT_OBJC_BRIDGING_HEADER = "landline/bridging-header.h";
			};
			name = Debug;
		};
		B8A22AB91A9F31E200BEB50F /* Release */ = {
			isa = XCBuildConfiguration;
			baseConfigurationReference = FDABD008382063687537C002 /* Pods.release.xcconfig */;
			buildSettings = {
				ASSETCATALOG_COMPILER_APPICON_NAME = AppIcon;
				INFOPLIST_FILE = landline/Info.plist;
				LD_RUNPATH_SEARCH_PATHS = "$(inherited) @executable_path/Frameworks";
				PRODUCT_NAME = "$(TARGET_NAME)";
				SWIFT_OBJC_BRIDGING_HEADER = "landline/bridging-header.h";
			};
			name = Release;
		};
		B8A22ABB1A9F31E200BEB50F /* Debug */ = {
			isa = XCBuildConfiguration;
			buildSettings = {
				BUNDLE_LOADER = "$(TEST_HOST)";
				FRAMEWORK_SEARCH_PATHS = (
					"$(SDKROOT)/Developer/Library/Frameworks",
					"$(inherited)",
				);
				GCC_PREPROCESSOR_DEFINITIONS = (
					"DEBUG=1",
					"$(inherited)",
				);
				INFOPLIST_FILE = landlineTests/Info.plist;
				LD_RUNPATH_SEARCH_PATHS = "$(inherited) @executable_path/Frameworks @loader_path/Frameworks";
				PRODUCT_NAME = "$(TARGET_NAME)";
				TEST_HOST = "$(BUILT_PRODUCTS_DIR)/landline.app/landline";
			};
			name = Debug;
		};
		B8A22ABC1A9F31E200BEB50F /* Release */ = {
			isa = XCBuildConfiguration;
			buildSettings = {
				BUNDLE_LOADER = "$(TEST_HOST)";
				FRAMEWORK_SEARCH_PATHS = (
					"$(SDKROOT)/Developer/Library/Frameworks",
					"$(inherited)",
				);
				INFOPLIST_FILE = landlineTests/Info.plist;
				LD_RUNPATH_SEARCH_PATHS = "$(inherited) @executable_path/Frameworks @loader_path/Frameworks";
				PRODUCT_NAME = "$(TARGET_NAME)";
				TEST_HOST = "$(BUILT_PRODUCTS_DIR)/landline.app/landline";
			};
			name = Release;
		};
/* End XCBuildConfiguration section */

/* Begin XCConfigurationList section */
		B8A22A931A9F31E200BEB50F /* Build configuration list for PBXProject "landline" */ = {
			isa = XCConfigurationList;
			buildConfigurations = (
				B8A22AB51A9F31E200BEB50F /* Debug */,
				B8A22AB61A9F31E200BEB50F /* Release */,
			);
			defaultConfigurationIsVisible = 0;
			defaultConfigurationName = Release;
		};
		B8A22AB71A9F31E200BEB50F /* Build configuration list for PBXNativeTarget "landline" */ = {
			isa = XCConfigurationList;
			buildConfigurations = (
				B8A22AB81A9F31E200BEB50F /* Debug */,
				B8A22AB91A9F31E200BEB50F /* Release */,
			);
			defaultConfigurationIsVisible = 0;
			defaultConfigurationName = Release;
		};
		B8A22ABA1A9F31E200BEB50F /* Build configuration list for PBXNativeTarget "landlineTests" */ = {
			isa = XCConfigurationList;
			buildConfigurations = (
				B8A22ABB1A9F31E200BEB50F /* Debug */,
				B8A22ABC1A9F31E200BEB50F /* Release */,
			);
			defaultConfigurationIsVisible = 0;
			defaultConfigurationName = Release;
		};
/* End XCConfigurationList section */
	};
	rootObject = B8A22A901A9F31E200BEB50F /* Project object */;
}
